
Microsoft Visual Studio Solution File, Format Version 12.00
Project("{2150E333-8FDC-42A3-9474-1A3956D46DE8}") = "lab1", "lab1", "{6265EA6F-1C99-456A-A3A5-B34D8BE053BD}"
EndProject
Project("{FAE04EC0-301F-11D3-BF4B-00C04F79EFBC}") = "lab1_task1", "lab1_task1\lab1_task1.csproj", "{E95BBBCC-BDF7-4D5C-8603-55E407B4318E}"
EndProject
Project("{FAE04EC0-301F-11D3-BF4B-00C04F79EFBC}") = "lab1_task2", "lab1_task2\lab1_task2.csproj", "{3EB2A350-625A-43FC-B737-53111AD1FD3A}"
EndProject
Project("{FAE04EC0-301F-11D3-BF4B-00C04F79EFBC}") = "lab1_task3", "lab1_task3\lab1_task3.csproj", "{6C6E0B94-0073-4B36-AA6D-55A74A544188}"
EndProject
Project("{2150E333-8FDC-42A3-9474-1A3956D46DE8}") = "lab4", "lab4", "{8D5EC179-48B3-4433-B9B3-702DB8E41C5D}"
EndProject
Project("{FAE04EC0-301F-11D3-BF4B-00C04F79EFBC}") = "lab4_task1", "lab4_task1\lab4_task1.csproj", "{BF15D47D-7E7A-4A36-BC47-AAD1030DC961}"
EndProject
Project("{FAE04EC0-301F-11D3-BF4B-00C04F79EFBC}") = "lab4_task2", "lab4_task2\lab4_task2.csproj", "{C8152569-4E84-4DE6-9367-3F23EC2E6B60}"
EndProject
Project("{FAE04EC0-301F-11D3-BF4B-00C04F79EFBC}") = "lab4_task3", "lab4_task3\lab4_task3.csproj", "{67F0AC88-951F-45F1-876E-E9C947FA665E}"
EndProject
Project("{FAE04EC0-301F-11D3-BF4B-00C04F79EFBC}") = "lab4_task4", "lab4_task4\lab4_task4.csproj", "{6BF5B5C9-C2A1-415D-AEA8-B281DC4F08F9}"
EndProject
Project("{FAE04EC0-301F-11D3-BF4B-00C04F79EFBC}") = "lab4_task5", "lab4_task5\lab4_task5.csproj", "{6888B84C-AB5F-4517-BC0F-B484F1659376}"
EndProject
Project("{FAE04EC0-301F-11D3-BF4B-00C04F79EFBC}") = "lab4_task6", "lab4_task6\lab4_task6.csproj", "{4119497D-7950-4364-A272-B0BC15D00627}"
EndProject
Project("{FAE04EC0-301F-11D3-BF4B-00C04F79EFBC}") = "lab4_task7", "lab4_task7\lab4_task7.csproj", "{84469DF2-D887-4C0C-BD15-E89C6B6DCF35}"
EndProject
Project("{2150E333-8FDC-42A3-9474-1A3956D46DE8}") = "lec2", "lec2", "{849CD516-AC6A-487A-AC26-10315BBBCA14}"
EndProject
Project("{FAE04EC0-301F-11D3-BF4B-00C04F79EFBC}") = "lec2", "lec2\lec2.csproj", "{EC116774-757C-4F19-96FF-C33FA6E083DB}"
EndProject
Project("{2150E333-8FDC-42A3-9474-1A3956D46DE8}") = "lab5", "lab5", "{BB7A5829-AB7C-4A1F-889A-0A7E28F7B648}"
EndProject
Project("{FAE04EC0-301F-11D3-BF4B-00C04F79EFBC}") = "lab5", "lab5\lab5.csproj", "{20BCE9AC-870E-448B-B56D-30A896680157}"
EndProject
Project("{FAE04EC0-301F-11D3-BF4B-00C04F79EFBC}") = "lab8", "lab8\lab8.csproj", "{28791F06-33FA-4086-9AA4-A68B4DD49959}"
EndProject
Project("{2150E333-8FDC-42A3-9474-1A3956D46DE8}") = "lab6", "lab6", "{948DD9AF-1189-4F68-ADA9-268091F1D3A4}"
EndProject
Project("{FAE04EC0-301F-11D3-BF4B-00C04F79EFBC}") = "lab6", "lab6\lab6.csproj", "{132B17F7-D8FF-490A-A228-CAD1EC1F67A4}"
EndProject
Project("{2150E333-8FDC-42A3-9474-1A3956D46DE8}") = "lab7", "lab7", "{B42884FB-677F-461A-8F5C-24C9B804A7B9}"
EndProject
Project("{FAE04EC0-301F-11D3-BF4B-00C04F79EFBC}") = "lab7", "lab7\lab7.csproj", "{DCAF9638-4D03-4FF0-ADEA-198A05CB3454}"
EndProject
Project("{FAE04EC0-301F-11D3-BF4B-00C04F79EFBC}") = "lab9", "lab9\lab9.csproj", "{4BAEBE13-2F0A-4F12-849E-F4A8659BFE71}"
EndProject
Project("{FAE04EC0-301F-11D3-BF4B-00C04F79EFBC}") = "lab10", "lab10\lab10.csproj", "{D0C2ED28-C199-4AF2-AEF9-CC1D6E60D13D}"
EndProject
Project("{FAE04EC0-301F-11D3-BF4B-00C04F79EFBC}") = "test1", "test1\test1.csproj", "{B6DBD06B-B59F-4204-B7DF-B069EA206D60}"
EndProject
Project("{FAE04EC0-301F-11D3-BF4B-00C04F79EFBC}") = "bear", "bear\bear.csproj", "{79FD8BB3-73DA-4C62-B161-2144952BE828}"
EndProject
Project("{FAE04EC0-301F-11D3-BF4B-00C04F79EFBC}") = "lab2.1", "lab2.1\lab2.1.csproj", "{DBE19801-15E3-4B46-A414-C7E8EC466B1E}"
EndProject
Project("{FAE04EC0-301F-11D3-BF4B-00C04F79EFBC}") = "lab2.2", "lab2.2\lab2.2.csproj", "{24722918-33B4-4316-846A-6CBB59FD003D}"
EndProject
Global
	GlobalSection(SolutionConfigurationPlatforms) = preSolution
		Debug|Any CPU = Debug|Any CPU
		Release|Any CPU = Release|Any CPU
	EndGlobalSection
	GlobalSection(NestedProjects) = preSolution
		{E95BBBCC-BDF7-4D5C-8603-55E407B4318E} = {6265EA6F-1C99-456A-A3A5-B34D8BE053BD}
		{3EB2A350-625A-43FC-B737-53111AD1FD3A} = {6265EA6F-1C99-456A-A3A5-B34D8BE053BD}
		{6C6E0B94-0073-4B36-AA6D-55A74A544188} = {6265EA6F-1C99-456A-A3A5-B34D8BE053BD}
		{BF15D47D-7E7A-4A36-BC47-AAD1030DC961} = {8D5EC179-48B3-4433-B9B3-702DB8E41C5D}
		{C8152569-4E84-4DE6-9367-3F23EC2E6B60} = {8D5EC179-48B3-4433-B9B3-702DB8E41C5D}
		{67F0AC88-951F-45F1-876E-E9C947FA665E} = {8D5EC179-48B3-4433-B9B3-702DB8E41C5D}
		{6BF5B5C9-C2A1-415D-AEA8-B281DC4F08F9} = {8D5EC179-48B3-4433-B9B3-702DB8E41C5D}
		{6888B84C-AB5F-4517-BC0F-B484F1659376} = {8D5EC179-48B3-4433-B9B3-702DB8E41C5D}
		{4119497D-7950-4364-A272-B0BC15D00627} = {8D5EC179-48B3-4433-B9B3-702DB8E41C5D}
		{84469DF2-D887-4C0C-BD15-E89C6B6DCF35} = {8D5EC179-48B3-4433-B9B3-702DB8E41C5D}
		{EC116774-757C-4F19-96FF-C33FA6E083DB} = {849CD516-AC6A-487A-AC26-10315BBBCA14}
		{20BCE9AC-870E-448B-B56D-30A896680157} = {BB7A5829-AB7C-4A1F-889A-0A7E28F7B648}
		{132B17F7-D8FF-490A-A228-CAD1EC1F67A4} = {948DD9AF-1189-4F68-ADA9-268091F1D3A4}
		{DCAF9638-4D03-4FF0-ADEA-198A05CB3454} = {B42884FB-677F-461A-8F5C-24C9B804A7B9}
	EndGlobalSection
	GlobalSection(ProjectConfigurationPlatforms) = postSolution
		{E95BBBCC-BDF7-4D5C-8603-55E407B4318E}.Debug|Any CPU.ActiveCfg = Debug|Any CPU
		{E95BBBCC-BDF7-4D5C-8603-55E407B4318E}.Debug|Any CPU.Build.0 = Debug|Any CPU
		{E95BBBCC-BDF7-4D5C-8603-55E407B4318E}.Release|Any CPU.ActiveCfg = Release|Any CPU
		{E95BBBCC-BDF7-4D5C-8603-55E407B4318E}.Release|Any CPU.Build.0 = Release|Any CPU
		{3EB2A350-625A-43FC-B737-53111AD1FD3A}.Debug|Any CPU.ActiveCfg = Debug|Any CPU
		{3EB2A350-625A-43FC-B737-53111AD1FD3A}.Debug|Any CPU.Build.0 = Debug|Any CPU
		{3EB2A350-625A-43FC-B737-53111AD1FD3A}.Release|Any CPU.ActiveCfg = Release|Any CPU
		{3EB2A350-625A-43FC-B737-53111AD1FD3A}.Release|Any CPU.Build.0 = Release|Any CPU
		{6C6E0B94-0073-4B36-AA6D-55A74A544188}.Debug|Any CPU.ActiveCfg = Debug|Any CPU
		{6C6E0B94-0073-4B36-AA6D-55A74A544188}.Debug|Any CPU.Build.0 = Debug|Any CPU
		{6C6E0B94-0073-4B36-AA6D-55A74A544188}.Release|Any CPU.ActiveCfg = Release|Any CPU
		{6C6E0B94-0073-4B36-AA6D-55A74A544188}.Release|Any CPU.Build.0 = Release|Any CPU
		{BF15D47D-7E7A-4A36-BC47-AAD1030DC961}.Debug|Any CPU.ActiveCfg = Debug|Any CPU
		{BF15D47D-7E7A-4A36-BC47-AAD1030DC961}.Debug|Any CPU.Build.0 = Debug|Any CPU
		{BF15D47D-7E7A-4A36-BC47-AAD1030DC961}.Release|Any CPU.ActiveCfg = Release|Any CPU
		{BF15D47D-7E7A-4A36-BC47-AAD1030DC961}.Release|Any CPU.Build.0 = Release|Any CPU
		{C8152569-4E84-4DE6-9367-3F23EC2E6B60}.Debug|Any CPU.ActiveCfg = Debug|Any CPU
		{C8152569-4E84-4DE6-9367-3F23EC2E6B60}.Debug|Any CPU.Build.0 = Debug|Any CPU
		{C8152569-4E84-4DE6-9367-3F23EC2E6B60}.Release|Any CPU.ActiveCfg = Release|Any CPU
		{C8152569-4E84-4DE6-9367-3F23EC2E6B60}.Release|Any CPU.Build.0 = Release|Any CPU
		{67F0AC88-951F-45F1-876E-E9C947FA665E}.Debug|Any CPU.ActiveCfg = Debug|Any CPU
		{67F0AC88-951F-45F1-876E-E9C947FA665E}.Debug|Any CPU.Build.0 = Debug|Any CPU
		{67F0AC88-951F-45F1-876E-E9C947FA665E}.Release|Any CPU.ActiveCfg = Release|Any CPU
		{67F0AC88-951F-45F1-876E-E9C947FA665E}.Release|Any CPU.Build.0 = Release|Any CPU
		{6BF5B5C9-C2A1-415D-AEA8-B281DC4F08F9}.Debug|Any CPU.ActiveCfg = Debug|Any CPU
		{6BF5B5C9-C2A1-415D-AEA8-B281DC4F08F9}.Debug|Any CPU.Build.0 = Debug|Any CPU
		{6BF5B5C9-C2A1-415D-AEA8-B281DC4F08F9}.Release|Any CPU.ActiveCfg = Release|Any CPU
		{6BF5B5C9-C2A1-415D-AEA8-B281DC4F08F9}.Release|Any CPU.Build.0 = Release|Any CPU
		{6888B84C-AB5F-4517-BC0F-B484F1659376}.Debug|Any CPU.ActiveCfg = Debug|Any CPU
		{6888B84C-AB5F-4517-BC0F-B484F1659376}.Debug|Any CPU.Build.0 = Debug|Any CPU
		{6888B84C-AB5F-4517-BC0F-B484F1659376}.Release|Any CPU.ActiveCfg = Release|Any CPU
		{6888B84C-AB5F-4517-BC0F-B484F1659376}.Release|Any CPU.Build.0 = Release|Any CPU
		{4119497D-7950-4364-A272-B0BC15D00627}.Debug|Any CPU.ActiveCfg = Debug|Any CPU
		{4119497D-7950-4364-A272-B0BC15D00627}.Debug|Any CPU.Build.0 = Debug|Any CPU
		{4119497D-7950-4364-A272-B0BC15D00627}.Release|Any CPU.ActiveCfg = Release|Any CPU
		{4119497D-7950-4364-A272-B0BC15D00627}.Release|Any CPU.Build.0 = Release|Any CPU
		{84469DF2-D887-4C0C-BD15-E89C6B6DCF35}.Debug|Any CPU.ActiveCfg = Debug|Any CPU
		{84469DF2-D887-4C0C-BD15-E89C6B6DCF35}.Debug|Any CPU.Build.0 = Debug|Any CPU
		{84469DF2-D887-4C0C-BD15-E89C6B6DCF35}.Release|Any CPU.ActiveCfg = Release|Any CPU
		{84469DF2-D887-4C0C-BD15-E89C6B6DCF35}.Release|Any CPU.Build.0 = Release|Any CPU
		{EC116774-757C-4F19-96FF-C33FA6E083DB}.Debug|Any CPU.ActiveCfg = Debug|Any CPU
		{EC116774-757C-4F19-96FF-C33FA6E083DB}.Debug|Any CPU.Build.0 = Debug|Any CPU
		{EC116774-757C-4F19-96FF-C33FA6E083DB}.Release|Any CPU.ActiveCfg = Release|Any CPU
		{EC116774-757C-4F19-96FF-C33FA6E083DB}.Release|Any CPU.Build.0 = Release|Any CPU
		{20BCE9AC-870E-448B-B56D-30A896680157}.Debug|Any CPU.ActiveCfg = Debug|Any CPU
		{20BCE9AC-870E-448B-B56D-30A896680157}.Debug|Any CPU.Build.0 = Debug|Any CPU
		{20BCE9AC-870E-448B-B56D-30A896680157}.Release|Any CPU.ActiveCfg = Release|Any CPU
		{20BCE9AC-870E-448B-B56D-30A896680157}.Release|Any CPU.Build.0 = Release|Any CPU
		{28791F06-33FA-4086-9AA4-A68B4DD49959}.Debug|Any CPU.ActiveCfg = Debug|Any CPU
		{28791F06-33FA-4086-9AA4-A68B4DD49959}.Debug|Any CPU.Build.0 = Debug|Any CPU
		{28791F06-33FA-4086-9AA4-A68B4DD49959}.Release|Any CPU.ActiveCfg = Release|Any CPU
		{28791F06-33FA-4086-9AA4-A68B4DD49959}.Release|Any CPU.Build.0 = Release|Any CPU
		{132B17F7-D8FF-490A-A228-CAD1EC1F67A4}.Debug|Any CPU.ActiveCfg = Debug|Any CPU
		{132B17F7-D8FF-490A-A228-CAD1EC1F67A4}.Debug|Any CPU.Build.0 = Debug|Any CPU
		{132B17F7-D8FF-490A-A228-CAD1EC1F67A4}.Release|Any CPU.ActiveCfg = Release|Any CPU
		{132B17F7-D8FF-490A-A228-CAD1EC1F67A4}.Release|Any CPU.Build.0 = Release|Any CPU
		{DCAF9638-4D03-4FF0-ADEA-198A05CB3454}.Debug|Any CPU.ActiveCfg = Debug|Any CPU
		{DCAF9638-4D03-4FF0-ADEA-198A05CB3454}.Debug|Any CPU.Build.0 = Debug|Any CPU
		{DCAF9638-4D03-4FF0-ADEA-198A05CB3454}.Release|Any CPU.ActiveCfg = Release|Any CPU
		{DCAF9638-4D03-4FF0-ADEA-198A05CB3454}.Release|Any CPU.Build.0 = Release|Any CPU
		{4BAEBE13-2F0A-4F12-849E-F4A8659BFE71}.Debug|Any CPU.ActiveCfg = Debug|Any CPU
		{4BAEBE13-2F0A-4F12-849E-F4A8659BFE71}.Debug|Any CPU.Build.0 = Debug|Any CPU
		{4BAEBE13-2F0A-4F12-849E-F4A8659BFE71}.Release|Any CPU.ActiveCfg = Release|Any CPU
		{4BAEBE13-2F0A-4F12-849E-F4A8659BFE71}.Release|Any CPU.Build.0 = Release|Any CPU
		{D0C2ED28-C199-4AF2-AEF9-CC1D6E60D13D}.Debug|Any CPU.ActiveCfg = Debug|Any CPU
		{D0C2ED28-C199-4AF2-AEF9-CC1D6E60D13D}.Debug|Any CPU.Build.0 = Debug|Any CPU
		{D0C2ED28-C199-4AF2-AEF9-CC1D6E60D13D}.Release|Any CPU.ActiveCfg = Release|Any CPU
		{D0C2ED28-C199-4AF2-AEF9-CC1D6E60D13D}.Release|Any CPU.Build.0 = Release|Any CPU
		{B6DBD06B-B59F-4204-B7DF-B069EA206D60}.Debug|Any CPU.ActiveCfg = Debug|Any CPU
		{B6DBD06B-B59F-4204-B7DF-B069EA206D60}.Debug|Any CPU.Build.0 = Debug|Any CPU
		{B6DBD06B-B59F-4204-B7DF-B069EA206D60}.Release|Any CPU.ActiveCfg = Release|Any CPU
		{B6DBD06B-B59F-4204-B7DF-B069EA206D60}.Release|Any CPU.Build.0 = Release|Any CPU
		{79FD8BB3-73DA-4C62-B161-2144952BE828}.Debug|Any CPU.ActiveCfg = Debug|Any CPU
		{79FD8BB3-73DA-4C62-B161-2144952BE828}.Debug|Any CPU.Build.0 = Debug|Any CPU
		{79FD8BB3-73DA-4C62-B161-2144952BE828}.Release|Any CPU.ActiveCfg = Release|Any CPU
		{79FD8BB3-73DA-4C62-B161-2144952BE828}.Release|Any CPU.Build.0 = Release|Any CPU
		{DBE19801-15E3-4B46-A414-C7E8EC466B1E}.Debug|Any CPU.ActiveCfg = Debug|Any CPU
		{DBE19801-15E3-4B46-A414-C7E8EC466B1E}.Debug|Any CPU.Build.0 = Debug|Any CPU
		{DBE19801-15E3-4B46-A414-C7E8EC466B1E}.Release|Any CPU.ActiveCfg = Release|Any CPU
		{DBE19801-15E3-4B46-A414-C7E8EC466B1E}.Release|Any CPU.Build.0 = Release|Any CPU
		{24722918-33B4-4316-846A-6CBB59FD003D}.Debug|Any CPU.ActiveCfg = Debug|Any CPU
		{24722918-33B4-4316-846A-6CBB59FD003D}.Debug|Any CPU.Build.0 = Debug|Any CPU
		{24722918-33B4-4316-846A-6CBB59FD003D}.Release|Any CPU.ActiveCfg = Release|Any CPU
		{24722918-33B4-4316-846A-6CBB59FD003D}.Release|Any CPU.Build.0 = Release|Any CPU
	EndGlobalSection
EndGlobal
